{
  "lockfile-version": 1,
  "manifest": {
    "version": 1,
    "install": {
      "cargo": {
        "pkg-path": "cargo",
        "pkg-group": null,
        "priority": null,
        "version": null,
        "systems": null
      },
      "clang": {
        "pkg-path": "clang",
        "pkg-group": null,
        "priority": null,
        "version": null,
        "systems": [
          "aarch64-darwin",
          "x86_64-darwin"
        ]
      },
      "gcc": {
        "pkg-path": "gcc",
        "pkg-group": null,
        "priority": null,
        "version": null,
        "systems": [
          "aarch64-linux",
          "x86_64-linux"
        ]
      },
      "libiconv": {
        "pkg-path": "libiconv",
        "pkg-group": null,
        "priority": null,
        "version": null,
        "systems": [
          "aarch64-darwin",
          "x86_64-darwin"
        ]
      },
      "rustc": {
        "pkg-path": "rustc",
        "pkg-group": null,
        "priority": null,
        "version": null,
        "systems": null
      }
    },
    "vars": {},
    "hook": {
      "on-activate": null
    },
    "profile": {
      "common": null,
      "bash": null,
      "zsh": null,
      "fish": null,
      "tcsh": null
    },
    "options": {
      "systems": [
        "aarch64-darwin",
        "aarch64-linux",
        "x86_64-darwin",
        "x86_64-linux"
      ],
      "allow": {
        "unfree": null,
        "broken": null,
        "licenses": []
      },
      "semver": {
        "allow-pre-releases": null
      }
    }
  },
  "packages": [
    {
      "attr_path": "cargo",
      "broken": false,
      "derivation": "/nix/store/z3ijazyiqxav59nyymg670a9qmdgz777-cargo-1.78.0.drv",
      "description": "Downloads your Rust project's dependencies and builds your project",
      "install_id": "cargo",
      "license": "[ MIT, Apache-2.0 ]",
      "locked_url": "https://github.com/flox/nixpkgs?rev=2741b4b489b55df32afac57bc4bfd220e8bf617e",
      "name": "cargo-1.78.0",
      "pname": "cargo",
      "rev": "2741b4b489b55df32afac57bc4bfd220e8bf617e",
      "rev_count": 645454,
      "rev_date": "2024-06-29T19:44:37Z",
      "scrape_date": "2024-07-02T05:57:57Z",
      "stabilities": [
        "unstable"
      ],
      "unfree": false,
      "version": "1.78.0",
      "outputs_to_install": [
        "out"
      ],
      "outputs": {
        "out": "/nix/store/bf2yrdc59bc1r6bjjp7sv7psg97fm7vz-cargo-1.78.0"
      },
      "system": "aarch64-darwin",
      "group": "toplevel",
      "priority": 5
    },
    {
      "attr_path": "cargo",
      "broken": false,
      "derivation": "/nix/store/0p9rn86dlll532zs0avc8w7f9j6q1d3d-cargo-1.78.0.drv",
      "description": "Downloads your Rust project's dependencies and builds your project",
      "install_id": "cargo",
      "license": "[ MIT, Apache-2.0 ]",
      "locked_url": "https://github.com/flox/nixpkgs?rev=2741b4b489b55df32afac57bc4bfd220e8bf617e",
      "name": "cargo-1.78.0",
      "pname": "cargo",
      "rev": "2741b4b489b55df32afac57bc4bfd220e8bf617e",
      "rev_count": 645454,
      "rev_date": "2024-06-29T19:44:37Z",
      "scrape_date": "2024-07-02T05:57:57Z",
      "stabilities": [
        "unstable"
      ],
      "unfree": false,
      "version": "1.78.0",
      "outputs_to_install": [
        "out"
      ],
      "outputs": {
        "out": "/nix/store/7bni82i90zm7gjwbq03csx5dbwc15zgd-cargo-1.78.0"
      },
      "system": "aarch64-linux",
      "group": "toplevel",
      "priority": 5
    },
    {
      "attr_path": "cargo",
      "broken": false,
      "derivation": "/nix/store/avbz0ash99zx20p9fnmb0dmwp3qjj7z3-cargo-1.78.0.drv",
      "description": "Downloads your Rust project's dependencies and builds your project",
      "install_id": "cargo",
      "license": "[ MIT, Apache-2.0 ]",
      "locked_url": "https://github.com/flox/nixpkgs?rev=2741b4b489b55df32afac57bc4bfd220e8bf617e",
      "name": "cargo-1.78.0",
      "pname": "cargo",
      "rev": "2741b4b489b55df32afac57bc4bfd220e8bf617e",
      "rev_count": 645454,
      "rev_date": "2024-06-29T19:44:37Z",
      "scrape_date": "2024-07-02T05:57:57Z",
      "stabilities": [
        "unstable"
      ],
      "unfree": false,
      "version": "1.78.0",
      "outputs_to_install": [
        "out"
      ],
      "outputs": {
        "out": "/nix/store/1z813izigsvb2x2nqpnw1y4lmw9ash67-cargo-1.78.0"
      },
      "system": "x86_64-darwin",
      "group": "toplevel",
      "priority": 5
    },
    {
      "attr_path": "cargo",
      "broken": false,
      "derivation": "/nix/store/2n3r8mskhiz21cx0nbq7mcva1ia711ih-cargo-1.78.0.drv",
      "description": "Downloads your Rust project's dependencies and builds your project",
      "install_id": "cargo",
      "license": "[ MIT, Apache-2.0 ]",
      "locked_url": "https://github.com/flox/nixpkgs?rev=2741b4b489b55df32afac57bc4bfd220e8bf617e",
      "name": "cargo-1.78.0",
      "pname": "cargo",
      "rev": "2741b4b489b55df32afac57bc4bfd220e8bf617e",
      "rev_count": 645454,
      "rev_date": "2024-06-29T19:44:37Z",
      "scrape_date": "2024-07-02T05:57:57Z",
      "stabilities": [
        "unstable"
      ],
      "unfree": false,
      "version": "1.78.0",
      "outputs_to_install": [
        "out"
      ],
      "outputs": {
        "out": "/nix/store/qyw7qc22j2ngf9wip8sxagaxb0387gnq-cargo-1.78.0"
      },
      "system": "x86_64-linux",
      "group": "toplevel",
      "priority": 5
    },
    {
      "attr_path": "clang",
      "broken": false,
      "derivation": "/nix/store/yhhdqviz4bj090ky3dvzkp7gcjrxixa1-clang-wrapper-16.0.6.drv",
      "description": "C language family frontend for LLVM (wrapper script)",
      "install_id": "clang",
      "license": "NCSA",
      "locked_url": "https://github.com/flox/nixpkgs?rev=2741b4b489b55df32afac57bc4bfd220e8bf617e",
      "name": "clang-wrapper-16.0.6",
      "pname": "clang",
      "rev": "2741b4b489b55df32afac57bc4bfd220e8bf617e",
      "rev_count": 645454,
      "rev_date": "2024-06-29T19:44:37Z",
      "scrape_date": "2024-07-02T05:57:57Z",
      "stabilities": [
        "unstable"
      ],
      "unfree": false,
      "version": "wrapper-16.0.6",
      "outputs_to_install": [
        "out"
      ],
      "outputs": {
        "out": "/nix/store/9g8qxz6r8x7g01hkzy739m5j6bawk4d5-clang-wrapper-16.0.6"
      },
      "system": "aarch64-darwin",
      "group": "toplevel",
      "priority": 5
    },
    {
      "attr_path": "clang",
      "broken": false,
      "derivation": "/nix/store/4pcn21n5nmvkf2l0mail05zbqibbf1iz-clang-wrapper-16.0.6.drv",
      "description": "C language family frontend for LLVM (wrapper script)",
      "install_id": "clang",
      "license": "NCSA",
      "locked_url": "https://github.com/flox/nixpkgs?rev=2741b4b489b55df32afac57bc4bfd220e8bf617e",
      "name": "clang-wrapper-16.0.6",
      "pname": "clang",
      "rev": "2741b4b489b55df32afac57bc4bfd220e8bf617e",
      "rev_count": 645454,
      "rev_date": "2024-06-29T19:44:37Z",
      "scrape_date": "2024-07-02T05:57:57Z",
      "stabilities": [
        "unstable"
      ],
      "unfree": false,
      "version": "wrapper-16.0.6",
      "outputs_to_install": [
        "out"
      ],
      "outputs": {
        "out": "/nix/store/iyk4jyp5aqmrp6mq5mlvirjdijhrdbna-clang-wrapper-16.0.6"
      },
      "system": "x86_64-darwin",
      "group": "toplevel",
      "priority": 5
    },
    {
      "attr_path": "gcc",
      "broken": false,
      "derivation": "/nix/store/kcxc26yl7zmfb7q0frda7022bwm89v5i-gcc-wrapper-13.3.0.drv",
      "description": "GNU Compiler Collection, version 13.3.0 (wrapper script)",
      "install_id": "gcc",
      "license": "GPL-3.0-or-later",
      "locked_url": "https://github.com/flox/nixpkgs?rev=2741b4b489b55df32afac57bc4bfd220e8bf617e",
      "name": "gcc-wrapper-13.3.0",
      "pname": "gcc",
      "rev": "2741b4b489b55df32afac57bc4bfd220e8bf617e",
      "rev_count": 645454,
      "rev_date": "2024-06-29T19:44:37Z",
      "scrape_date": "2024-07-02T05:57:57Z",
      "stabilities": [
        "unstable"
      ],
      "unfree": false,
      "version": "wrapper-13.3.0",
      "outputs_to_install": [
        "out",
        "man"
      ],
      "outputs": {
        "info": "/nix/store/xx4230pczzn6k4blf3fxq6hr97hiznri-gcc-wrapper-13.3.0-info",
        "man": "/nix/store/s0nbivy3rramhl3qncw5yfqcxqf3g059-gcc-wrapper-13.3.0-man",
        "out": "/nix/store/a11996pij79myrp43myn4zycdlzh9jsw-gcc-wrapper-13.3.0"
      },
      "system": "aarch64-linux",
      "group": "toplevel",
      "priority": 5
    },
    {
      "attr_path": "gcc",
      "broken": false,
      "derivation": "/nix/store/ckdz7aik5zqay7mbff4szzhvys1f140z-gcc-wrapper-13.3.0.drv",
      "description": "GNU Compiler Collection, version 13.3.0 (wrapper script)",
      "install_id": "gcc",
      "license": "GPL-3.0-or-later",
      "locked_url": "https://github.com/flox/nixpkgs?rev=2741b4b489b55df32afac57bc4bfd220e8bf617e",
      "name": "gcc-wrapper-13.3.0",
      "pname": "gcc",
      "rev": "2741b4b489b55df32afac57bc4bfd220e8bf617e",
      "rev_count": 645454,
      "rev_date": "2024-06-29T19:44:37Z",
      "scrape_date": "2024-07-02T05:57:57Z",
      "stabilities": [
        "unstable"
      ],
      "unfree": false,
      "version": "wrapper-13.3.0",
      "outputs_to_install": [
        "out",
        "man"
      ],
      "outputs": {
        "info": "/nix/store/pcff7bkp617z9aamyc4ryiz3pjrr4ly3-gcc-wrapper-13.3.0-info",
        "man": "/nix/store/365ads05c225gjzx4crk5zyx4img37g1-gcc-wrapper-13.3.0-man",
        "out": "/nix/store/mpm3i0sbqc9svfch6a17179fs64dz2kv-gcc-wrapper-13.3.0"
      },
      "system": "x86_64-linux",
      "group": "toplevel",
      "priority": 5
    },
    {
      "attr_path": "libiconv",
      "broken": false,
      "derivation": "/nix/store/00mnclrjzkdqqaxi0n9bzp47mzn5pbda-libiconv-99.drv",
      "description": "Iconv(3) implementation",
      "install_id": "libiconv",
      "license": "[ BSD-2-Clause, BSD-3-Clause, APSL-1.0 ]",
      "locked_url": "https://github.com/flox/nixpkgs?rev=2741b4b489b55df32afac57bc4bfd220e8bf617e",
      "name": "libiconv-99",
      "pname": "libiconv",
      "rev": "2741b4b489b55df32afac57bc4bfd220e8bf617e",
      "rev_count": 645454,
      "rev_date": "2024-06-29T19:44:37Z",
      "scrape_date": "2024-07-02T05:57:57Z",
      "stabilities": [
        "unstable"
      ],
      "unfree": false,
      "version": "99",
      "outputs_to_install": [
        "out"
      ],
      "outputs": {
        "dev": "/nix/store/w062fsd14dghzai3a64spxpqbc4ga208-libiconv-99-dev",
        "out": "/nix/store/0rsh55ighfv3fxidf3xz8vl3abiika0i-libiconv-99"
      },
      "system": "aarch64-darwin",
      "group": "toplevel",
      "priority": 5
    },
    {
      "attr_path": "libiconv",
      "broken": false,
      "derivation": "/nix/store/m79fmxzgf62mz4j7s3b9ncibihf5imbs-libiconv-99.drv",
      "description": "Iconv(3) implementation",
      "install_id": "libiconv",
      "license": "[ BSD-2-Clause, BSD-3-Clause, APSL-1.0 ]",
      "locked_url": "https://github.com/flox/nixpkgs?rev=2741b4b489b55df32afac57bc4bfd220e8bf617e",
      "name": "libiconv-99",
      "pname": "libiconv",
      "rev": "2741b4b489b55df32afac57bc4bfd220e8bf617e",
      "rev_count": 645454,
      "rev_date": "2024-06-29T19:44:37Z",
      "scrape_date": "2024-07-02T05:57:57Z",
      "stabilities": [
        "unstable"
      ],
      "unfree": false,
      "version": "99",
      "outputs_to_install": [
        "out"
      ],
      "outputs": {
        "dev": "/nix/store/6j1dsavq0vy6bizfh5ak8079xqgsj0gg-libiconv-99-dev",
        "out": "/nix/store/53ygysdzqfasmwb2v12zffpyhxf31vl9-libiconv-99"
      },
      "system": "x86_64-darwin",
      "group": "toplevel",
      "priority": 5
    },
    {
      "attr_path": "rustc",
      "broken": false,
      "derivation": "/nix/store/m94qpnalkbs02lgiq9dg1ggqvyw1nbbd-rustc-wrapper-1.78.0.drv",
      "description": "Safe, concurrent, practical language (wrapper script)",
      "install_id": "rustc",
      "license": "[ MIT, Apache-2.0 ]",
      "locked_url": "https://github.com/flox/nixpkgs?rev=2741b4b489b55df32afac57bc4bfd220e8bf617e",
      "name": "rustc-wrapper-1.78.0",
      "pname": "rustc",
      "rev": "2741b4b489b55df32afac57bc4bfd220e8bf617e",
      "rev_count": 645454,
      "rev_date": "2024-06-29T19:44:37Z",
      "scrape_date": "2024-07-02T05:57:57Z",
      "stabilities": [
        "unstable"
      ],
      "unfree": false,
      "version": "wrapper-1.78.0",
      "outputs_to_install": [
        "out",
        "man"
      ],
      "outputs": {
        "doc": "/nix/store/3vdfa4b4v0mm7lyx82vipjb7y9d4nk01-rustc-wrapper-1.78.0-doc",
        "man": "/nix/store/rg03ilamgnsmnlz3zvx77h4vpypq9d3d-rustc-wrapper-1.78.0-man",
        "out": "/nix/store/w4sfqji5f6vfj76rxck071y07lrkmjab-rustc-wrapper-1.78.0"
      },
      "system": "aarch64-darwin",
      "group": "toplevel",
      "priority": 5
    },
    {
      "attr_path": "rustc",
      "broken": false,
      "derivation": "/nix/store/amnazhlmd8sb5v4lvyy35fiwnifxa0gi-rustc-wrapper-1.78.0.drv",
      "description": "Safe, concurrent, practical language (wrapper script)",
      "install_id": "rustc",
      "license": "[ MIT, Apache-2.0 ]",
      "locked_url": "https://github.com/flox/nixpkgs?rev=2741b4b489b55df32afac57bc4bfd220e8bf617e",
      "name": "rustc-wrapper-1.78.0",
      "pname": "rustc",
      "rev": "2741b4b489b55df32afac57bc4bfd220e8bf617e",
      "rev_count": 645454,
      "rev_date": "2024-06-29T19:44:37Z",
      "scrape_date": "2024-07-02T05:57:57Z",
      "stabilities": [
        "unstable"
      ],
      "unfree": false,
      "version": "wrapper-1.78.0",
      "outputs_to_install": [
        "out",
        "man"
      ],
      "outputs": {
        "doc": "/nix/store/6lf069wx7cxpma5k66rmhrhzdwpkkdy7-rustc-wrapper-1.78.0-doc",
        "man": "/nix/store/z0ain8jm95qmdf7g7mmaq1crv38grk7v-rustc-wrapper-1.78.0-man",
        "out": "/nix/store/l1zlwibr9j4avxy5fgljf8sifi2swxl0-rustc-wrapper-1.78.0"
      },
      "system": "aarch64-linux",
      "group": "toplevel",
      "priority": 5
    },
    {
      "attr_path": "rustc",
      "broken": false,
      "derivation": "/nix/store/g1kp2pmmjrm0a5qcwiwkz4w7bgf63zqz-rustc-wrapper-1.78.0.drv",
      "description": "Safe, concurrent, practical language (wrapper script)",
      "install_id": "rustc",
      "license": "[ MIT, Apache-2.0 ]",
      "locked_url": "https://github.com/flox/nixpkgs?rev=2741b4b489b55df32afac57bc4bfd220e8bf617e",
      "name": "rustc-wrapper-1.78.0",
      "pname": "rustc",
      "rev": "2741b4b489b55df32afac57bc4bfd220e8bf617e",
      "rev_count": 645454,
      "rev_date": "2024-06-29T19:44:37Z",
      "scrape_date": "2024-07-02T05:57:57Z",
      "stabilities": [
        "unstable"
      ],
      "unfree": false,
      "version": "wrapper-1.78.0",
      "outputs_to_install": [
        "out",
        "man"
      ],
      "outputs": {
        "doc": "/nix/store/pz7sczlw1j9c46gj3y74sfmc2s5dc8cg-rustc-wrapper-1.78.0-doc",
        "man": "/nix/store/nncb7wl97sgk28sqwkvx9as276ibf6ws-rustc-wrapper-1.78.0-man",
        "out": "/nix/store/vqq8svxf24g9dkr9bvkmx7277f7rl332-rustc-wrapper-1.78.0"
      },
      "system": "x86_64-darwin",
      "group": "toplevel",
      "priority": 5
    },
    {
      "attr_path": "rustc",
      "broken": false,
      "derivation": "/nix/store/rf6w7ghlnldkm54sgsicqwjhrpwhm73x-rustc-wrapper-1.78.0.drv",
      "description": "Safe, concurrent, practical language (wrapper script)",
      "install_id": "rustc",
      "license": "[ MIT, Apache-2.0 ]",
      "locked_url": "https://github.com/flox/nixpkgs?rev=2741b4b489b55df32afac57bc4bfd220e8bf617e",
      "name": "rustc-wrapper-1.78.0",
      "pname": "rustc",
      "rev": "2741b4b489b55df32afac57bc4bfd220e8bf617e",
      "rev_count": 645454,
      "rev_date": "2024-06-29T19:44:37Z",
      "scrape_date": "2024-07-02T05:57:57Z",
      "stabilities": [
        "unstable"
      ],
      "unfree": false,
      "version": "wrapper-1.78.0",
      "outputs_to_install": [
        "out",
        "man"
      ],
      "outputs": {
        "doc": "/nix/store/0i3qyca844rl9hp1vl10y6xpka54724j-rustc-wrapper-1.78.0-doc",
        "man": "/nix/store/n0lpq9g1ip5zdy2zjh63j14cm6m4rw8r-rustc-wrapper-1.78.0-man",
        "out": "/nix/store/9fhkbcr18yygrwn25x56szvqn1apfxjc-rustc-wrapper-1.78.0"
      },
      "system": "x86_64-linux",
      "group": "toplevel",
      "priority": 5
    }
  ]
}